# This file is generated by running "yarn install" inside your project.
# Manual changes might be lost - proceed with caution!

__metadata:
  version: 8
  cacheKey: 10c0

"@esbuild/aix-ppc64@npm:0.25.12":
  version: 0.25.12
  resolution: "@esbuild/aix-ppc64@npm:0.25.12"
  conditions: os=aix & cpu=ppc64
  languageName: node
  linkType: hard

"@esbuild/android-arm64@npm:0.25.12":
  version: 0.25.12
  resolution: "@esbuild/android-arm64@npm:0.25.12"
  conditions: os=android & cpu=arm64
  languageName: node
  linkType: hard

"@esbuild/android-arm@npm:0.25.12":
  version: 0.25.12
  resolution: "@esbuild/android-arm@npm:0.25.12"
  conditions: os=android & cpu=arm
  languageName: node
  linkType: hard

"@esbuild/android-x64@npm:0.25.12":
  version: 0.25.12
  resolution: "@esbuild/android-x64@npm:0.25.12"
  conditions: os=android & cpu=x64
  languageName: node
  linkType: hard

"@esbuild/darwin-arm64@npm:0.25.12":
  version: 0.25.12
  resolution: "@esbuild/darwin-arm64@npm:0.25.12"
  conditions: os=darwin & cpu=arm64
  languageName: node
  linkType: hard

"@esbuild/darwin-x64@npm:0.25.12":
  version: 0.25.12
  resolution: "@esbuild/darwin-x64@npm:0.25.12"
  conditions: os=darwin & cpu=x64
  languageName: node
  linkType: hard

"@esbuild/freebsd-arm64@npm:0.25.12":
  version: 0.25.12
  resolution: "@esbuild/freebsd-arm64@npm:0.25.12"
  conditions: os=freebsd & cpu=arm64
  languageName: node
  linkType: hard

"@esbuild/freebsd-x64@npm:0.25.12":
  version: 0.25.12
  resolution: "@esbuild/freebsd-x64@npm:0.25.12"
  conditions: os=freebsd & cpu=x64
  languageName: node
  linkType: hard

"@esbuild/linux-arm64@npm:0.25.12":
  version: 0.25.12
  resolution: "@esbuild/linux-arm64@npm:0.25.12"
  conditions: os=linux & cpu=arm64
  languageName: node
  linkType: hard

"@esbuild/linux-arm@npm:0.25.12":
  version: 0.25.12
  resolution: "@esbuild/linux-arm@npm:0.25.12"
  conditions: os=linux & cpu=arm
  languageName: node
  linkType: hard

"@esbuild/linux-ia32@npm:0.25.12":
  version: 0.25.12
  resolution: "@esbuild/linux-ia32@npm:0.25.12"
  conditions: os=linux & cpu=ia32
  languageName: node
  linkType: hard

"@esbuild/linux-loong64@npm:0.25.12":
  version: 0.25.12
  resolution: "@esbuild/linux-loong64@npm:0.25.12"
  conditions: os=linux & cpu=loong64
  languageName: node
  linkType: hard

"@esbuild/linux-mips64el@npm:0.25.12":
  version: 0.25.12
  resolution: "@esbuild/linux-mips64el@npm:0.25.12"
  conditions: os=linux & cpu=mips64el
  languageName: node
  linkType: hard

"@esbuild/linux-ppc64@npm:0.25.12":
  version: 0.25.12
  resolution: "@esbuild/linux-ppc64@npm:0.25.12"
  conditions: os=linux & cpu=ppc64
  languageName: node
  linkType: hard

"@esbuild/linux-riscv64@npm:0.25.12":
  version: 0.25.12
  resolution: "@esbuild/linux-riscv64@npm:0.25.12"
  conditions: os=linux & cpu=riscv64
  languageName: node
  linkType: hard

"@esbuild/linux-s390x@npm:0.25.12":
  version: 0.25.12
  resolution: "@esbuild/linux-s390x@npm:0.25.12"
  conditions: os=linux & cpu=s390x
  languageName: node
  linkType: hard

"@esbuild/linux-x64@npm:0.25.12":
  version: 0.25.12
  resolution: "@esbuild/linux-x64@npm:0.25.12"
  conditions: os=linux & cpu=x64
  languageName: node
  linkType: hard

"@esbuild/netbsd-arm64@npm:0.25.12":
  version: 0.25.12
  resolution: "@esbuild/netbsd-arm64@npm:0.25.12"
  conditions: os=netbsd & cpu=arm64
  languageName: node
  linkType: hard

"@esbuild/netbsd-x64@npm:0.25.12":
  version: 0.25.12
  resolution: "@esbuild/netbsd-x64@npm:0.25.12"
  conditions: os=netbsd & cpu=x64
  languageName: node
  linkType: hard

"@esbuild/openbsd-arm64@npm:0.25.12":
  version: 0.25.12
  resolution: "@esbuild/openbsd-arm64@npm:0.25.12"
  conditions: os=openbsd & cpu=arm64
  languageName: node
  linkType: hard

"@esbuild/openbsd-x64@npm:0.25.12":
  version: 0.25.12
  resolution: "@esbuild/openbsd-x64@npm:0.25.12"
  conditions: os=openbsd & cpu=x64
  languageName: node
  linkType: hard

"@esbuild/openharmony-arm64@npm:0.25.12":
  version: 0.25.12
  resolution: "@esbuild/openharmony-arm64@npm:0.25.12"
  conditions: os=openharmony & cpu=arm64
  languageName: node
  linkType: hard

"@esbuild/sunos-x64@npm:0.25.12":
  version: 0.25.12
  resolution: "@esbuild/sunos-x64@npm:0.25.12"
  conditions: os=sunos & cpu=x64
  languageName: node
  linkType: hard

"@esbuild/win32-arm64@npm:0.25.12":
  version: 0.25.12
  resolution: "@esbuild/win32-arm64@npm:0.25.12"
  conditions: os=win32 & cpu=arm64
  languageName: node
  linkType: hard

"@esbuild/win32-ia32@npm:0.25.12":
  version: 0.25.12
  resolution: "@esbuild/win32-ia32@npm:0.25.12"
  conditions: os=win32 & cpu=ia32
  languageName: node
  linkType: hard

"@esbuild/win32-x64@npm:0.25.12":
  version: 0.25.12
  resolution: "@esbuild/win32-x64@npm:0.25.12"
  conditions: os=win32 & cpu=x64
  languageName: node
  linkType: hard

"@nanopub/nanopub-elements@workspace:.":
  version: 0.0.0-use.local
  resolution: "@nanopub/nanopub-elements@workspace:."
  dependencies:
    "@nanopub/nanopub-js": "npm:^0.1.1"
    "@types/dompurify": "npm:^3.0.5"
    "@types/n3": "npm:^1.26.1"
    dompurify: "npm:^3.3.1"
    esbuild: "npm:^0.25.0"
    typescript: "npm:^5.0.0"
  languageName: unknown
  linkType: soft

"@nanopub/nanopub-js@npm:^0.1.1":
  version: 0.1.1
  resolution: "@nanopub/nanopub-js@npm:0.1.1"
  dependencies:
    "@rdfjs/data-model": "npm:^2.1.1"
    n3: "npm:^1.26.0"
    rdf-canonize: "npm:^5.0.0"
    rdf-js: "npm:^4.0.2"
  checksum: 10c0/8e22bddc3e0757bd7d82019e855df2b1d8caa97dd37d4f1d34927fbfccfcc9fdbf318022f79c718b770b85e82a73e942412c3c3f29e97ba168632958db2f2603
  languageName: node
  linkType: hard

"@rdfjs/data-model@npm:^2.1.1":
  version: 2.1.1
  resolution: "@rdfjs/data-model@npm:2.1.1"
  bin:
    rdfjs-data-model-test: bin/test.js
  checksum: 10c0/ed52a9b62892765f2f3b739052d6df57f3ab3057d4e2351b64224a4b741dd378857590500439ef719ad768fc978471d59173cd83be4be99efb5d5b88d39648ff
  languageName: node
  linkType: hard

"@rdfjs/types@npm:*":
  version: 2.0.1
  resolution: "@rdfjs/types@npm:2.0.1"
  dependencies:
    "@types/node": "npm:*"
  checksum: 10c0/81012b02e28737e15dfc27068664bbab7b989cc2ff82e0a6a341df492d9d97210b5e462d85bfb7882aa0ef5bf84e2c5e95647fb779b67b7b1910b1837d79c500
  languageName: node
  linkType: hard

"@types/dompurify@npm:^3.0.5":
  version: 3.0.5
  resolution: "@types/dompurify@npm:3.0.5"
  dependencies:
    "@types/trusted-types": "npm:*"
  checksum: 10c0/a34dcc4498ca250815ccf9aecbe82df96ba5db247d0440cf266a876757d47c52519c240db3475e794d7deb0d6b1af23328e02879be368ad0e26b20c0f0865dba
  languageName: node
  linkType: hard

"@types/n3@npm:^1.26.1":
  version: 1.26.1
  resolution: "@types/n3@npm:1.26.1"
  dependencies:
    "@rdfjs/types": "npm:*"
    "@types/node": "npm:*"
  checksum: 10c0/4797463efdf0e8425074bb0301ae1b83d7e04b39e3fc584e4e0f69e772883c6ef517983a764c7f9357bcefae42d978d1e857264ec5ecab643157d2f4f555fd17
  languageName: node
  linkType: hard

"@types/node@npm:*":
  version: 25.5.0
  resolution: "@types/node@npm:25.5.0"
  dependencies:
    undici-types: "npm:~7.18.0"
  checksum: 10c0/70c508165b6758c4f88d4f91abca526c3985eee1985503d4c2bd994dbaf588e52ac57e571160f18f117d76e963570ac82bd20e743c18987e82564312b3b62119
  languageName: node
  linkType: hard

"@types/trusted-types@npm:*, @types/trusted-types@npm:^2.0.7":
  version: 2.0.7
  resolution: "@types/trusted-types@npm:2.0.7"
  checksum: 10c0/4c4855f10de7c6c135e0d32ce462419d8abbbc33713b31d294596c0cc34ae1fa6112a2f9da729c8f7a20707782b0d69da3b1f8df6645b0366d08825ca1522e0c
  languageName: node
  linkType: hard

"abort-controller@npm:^3.0.0":
  version: 3.0.0
  resolution: "abort-controller@npm:3.0.0"
  dependencies:
    event-target-shim: "npm:^5.0.0"
  checksum: 10c0/90ccc50f010250152509a344eb2e71977fbf8db0ab8f1061197e3275ddf6c61a41a6edfd7b9409c664513131dd96e962065415325ef23efa5db931b382d24ca5
  languageName: node
  linkType: hard

"base64-js@npm:^1.3.1":
  version: 1.5.1
  resolution: "base64-js@npm:1.5.1"
  checksum: 10c0/f23823513b63173a001030fae4f2dabe283b99a9d324ade3ad3d148e218134676f1ee8568c877cd79ec1c53158dcf2d2ba527a97c606618928ba99dd930102bf
  languageName: node
  linkType: hard

"buffer@npm:^6.0.3":
  version: 6.0.3
  resolution: "buffer@npm:6.0.3"
  dependencies:
    base64-js: "npm:^1.3.1"
    ieee754: "npm:^1.2.1"
  checksum: 10c0/2a905fbbcde73cc5d8bd18d1caa23715d5f83a5935867c2329f0ac06104204ba7947be098fe1317fbd8830e26090ff8e764f08cd14fefc977bb248c3487bcbd0
  languageName: node
  linkType: hard

"dompurify@npm:^3.3.1":
  version: 3.3.3
  resolution: "dompurify@npm:3.3.3"
  dependencies:
    "@types/trusted-types": "npm:^2.0.7"
  dependenciesMeta:
    "@types/trusted-types":
      optional: true
  checksum: 10c0/097c14a21a3f6cb95beded9ecd255f7c3512c42767b048390c747b0fe35736f6a71e02320fc50a9ac2be645834b463e4760915d595d502a56452daf339d0ea9c
  languageName: node
  linkType: hard

"esbuild@npm:^0.25.0":
  version: 0.25.12
  resolution: "esbuild@npm:0.25.12"
  dependencies:
    "@esbuild/aix-ppc64": "npm:0.25.12"
    "@esbuild/android-arm": "npm:0.25.12"
    "@esbuild/android-arm64": "npm:0.25.12"
    "@esbuild/android-x64": "npm:0.25.12"
    "@esbuild/darwin-arm64": "npm:0.25.12"
    "@esbuild/darwin-x64": "npm:0.25.12"
    "@esbuild/freebsd-arm64": "npm:0.25.12"
    "@esbuild/freebsd-x64": "npm:0.25.12"
    "@esbuild/linux-arm": "npm:0.25.12"
    "@esbuild/linux-arm64": "npm:0.25.12"
    "@esbuild/linux-ia32": "npm:0.25.12"
    "@esbuild/linux-loong64": "npm:0.25.12"
    "@esbuild/linux-mips64el": "npm:0.25.12"
    "@esbuild/linux-ppc64": "npm:0.25.12"
    "@esbuild/linux-riscv64": "npm:0.25.12"
    "@esbuild/linux-s390x": "npm:0.25.12"
    "@esbuild/linux-x64": "npm:0.25.12"
    "@esbuild/netbsd-arm64": "npm:0.25.12"
    "@esbuild/netbsd-x64": "npm:0.25.12"
    "@esbuild/openbsd-arm64": "npm:0.25.12"
    "@esbuild/openbsd-x64": "npm:0.25.12"
    "@esbuild/openharmony-arm64": "npm:0.25.12"
    "@esbuild/sunos-x64": "npm:0.25.12"
    "@esbuild/win32-arm64": "npm:0.25.12"
    "@esbuild/win32-ia32": "npm:0.25.12"
    "@esbuild/win32-x64": "npm:0.25.12"
  dependenciesMeta:
    "@esbuild/aix-ppc64":
      optional: true
    "@esbuild/android-arm":
      optional: true
    "@esbuild/android-arm64":
      optional: true
    "@esbuild/android-x64":
      optional: true
    "@esbuild/darwin-arm64":
      optional: true
    "@esbuild/darwin-x64":
      optional: true
    "@esbuild/freebsd-arm64":
      optional: true
    "@esbuild/freebsd-x64":
      optional: true
    "@esbuild/linux-arm":
      optional: true
    "@esbuild/linux-arm64":
      optional: true
    "@esbuild/linux-ia32":
      optional: true
    "@esbuild/linux-loong64":
      optional: true
    "@esbuild/linux-mips64el":
      optional: true
    "@esbuild/linux-ppc64":
      optional: true
    "@esbuild/linux-riscv64":
      optional: true
    "@esbuild/linux-s390x":
      optional: true
    "@esbuild/linux-x64":
      optional: true
    "@esbuild/netbsd-arm64":
      optional: true
    "@esbuild/netbsd-x64":
      optional: true
    "@esbuild/openbsd-arm64":
      optional: true
    "@esbuild/openbsd-x64":
      optional: true
    "@esbuild/openharmony-arm64":
      optional: true
    "@esbuild/sunos-x64":
      optional: true
    "@esbuild/win32-arm64":
      optional: true
    "@esbuild/win32-ia32":
      optional: true
    "@esbuild/win32-x64":
      optional: true
  bin:
    esbuild: bin/esbuild
  checksum: 10c0/c205357531423220a9de8e1e6c6514242bc9b1666e762cd67ccdf8fdfdc3f1d0bd76f8d9383958b97ad4c953efdb7b6e8c1f9ca5951cd2b7c5235e8755b34a6b
  languageName: node
  linkType: hard

"event-target-shim@npm:^5.0.0":
  version: 5.0.1
  resolution: "event-target-shim@npm:5.0.1"
  checksum: 10c0/0255d9f936215fd206156fd4caa9e8d35e62075d720dc7d847e89b417e5e62cf1ce6c9b4e0a1633a9256de0efefaf9f8d26924b1f3c8620cffb9db78e7d3076b
  languageName: node
  linkType: hard

"events@npm:^3.3.0":
  version: 3.3.0
  resolution: "events@npm:3.3.0"
  checksum: 10c0/d6b6f2adbccbcda74ddbab52ed07db727ef52e31a61ed26db9feb7dc62af7fc8e060defa65e5f8af9449b86b52cc1a1f6a79f2eafcf4e62add2b7a1fa4a432f6
  languageName: node
  linkType: hard

"ieee754@npm:^1.2.1":
  version: 1.2.1
  resolution: "ieee754@npm:1.2.1"
  checksum: 10c0/b0782ef5e0935b9f12883a2e2aa37baa75da6e66ce6515c168697b42160807d9330de9a32ec1ed73149aea02e0d822e572bca6f1e22bdcbd2149e13b050b17bb
  languageName: node
  linkType: hard

"n3@npm:^1.26.0":
  version: 1.26.0
  resolution: "n3@npm:1.26.0"
  dependencies:
    buffer: "npm:^6.0.3"
    readable-stream: "npm:^4.0.0"
  checksum: 10c0/e8a399f9295ccbd4008113bebdbdb15e5ef824e2d396a94d70cc7c1a94261a72869622bd1d78b3e94ea48056d5cd1b42e3b6d8acd1e0261f387e94ac6403013d
  languageName: node
  linkType: hard

"process@npm:^0.11.10":
  version: 0.11.10
  resolution: "process@npm:0.11.10"
  checksum: 10c0/40c3ce4b7e6d4b8c3355479df77aeed46f81b279818ccdc500124e6a5ab882c0cc81ff7ea16384873a95a74c4570b01b120f287abbdd4c877931460eca6084b3
  languageName: node
  linkType: hard

"rdf-canonize@npm:^5.0.0":
  version: 5.0.0
  resolution: "rdf-canonize@npm:5.0.0"
  dependencies:
    setimmediate: "npm:^1.0.5"
  checksum: 10c0/3d2811b43fe0890d15bffbbb74e62b4f890e649cd54ac989cbd11b334662012b852bdc96eda41bf620c125256965760208826895be1bbacc9f268c724f10303e
  languageName: node
  linkType: hard

"rdf-js@npm:^4.0.2":
  version: 4.0.2
  resolution: "rdf-js@npm:4.0.2"
  dependencies:
    "@rdfjs/types": "npm:*"
  checksum: 10c0/63840293d51b2fb56ab690ca5a5f890e2fcd08ae4c60d6f8b5893633147f6c48d77f607b1cf4404a9b91b3269073aa26d0187d3f1712e3599b50dba659259055
  languageName: node
  linkType: hard

"readable-stream@npm:^4.0.0":
  version: 4.7.0
  resolution: "readable-stream@npm:4.7.0"
  dependencies:
    abort-controller: "npm:^3.0.0"
    buffer: "npm:^6.0.3"
    events: "npm:^3.3.0"
    process: "npm:^0.11.10"
    string_decoder: "npm:^1.3.0"
  checksum: 10c0/fd86d068da21cfdb10f7a4479f2e47d9c0a9b0c862fc0c840a7e5360201580a55ac399c764b12a4f6fa291f8cee74d9c4b7562e0d53b3c4b2769f2c98155d957
  languageName: node
  linkType: hard

"safe-buffer@npm:~5.2.0":
  version: 5.2.1
  resolution: "safe-buffer@npm:5.2.1"
  checksum: 10c0/6501914237c0a86e9675d4e51d89ca3c21ffd6a31642efeba25ad65720bce6921c9e7e974e5be91a786b25aa058b5303285d3c15dbabf983a919f5f630d349f3
  languageName: node
  linkType: hard

"setimmediate@npm:^1.0.5":
  version: 1.0.5
  resolution: "setimmediate@npm:1.0.5"
  checksum: 10c0/5bae81bfdbfbd0ce992893286d49c9693c82b1bcc00dcaaf3a09c8f428fdeacf4190c013598b81875dfac2b08a572422db7df779a99332d0fce186d15a3e4d49
  languageName: node
  linkType: hard

"string_decoder@npm:^1.3.0":
  version: 1.3.0
  resolution: "string_decoder@npm:1.3.0"
  dependencies:
    safe-buffer: "npm:~5.2.0"
  checksum: 10c0/810614ddb030e271cd591935dcd5956b2410dd079d64ff92a1844d6b7588bf992b3e1b69b0f4d34a3e06e0bd73046ac646b5264c1987b20d0601f81ef35d731d
  languageName: node
  linkType: hard

"typescript@npm:^5.0.0":
  version: 5.9.3
  resolution: "typescript@npm:5.9.3"
  bin:
    tsc: bin/tsc
    tsserver: bin/tsserver
  checksum: 10c0/6bd7552ce39f97e711db5aa048f6f9995b53f1c52f7d8667c1abdc1700c68a76a308f579cd309ce6b53646deb4e9a1be7c813a93baaf0a28ccd536a30270e1c5
  languageName: node
  linkType: hard

"typescript@patch:typescript@npm%3A^5.0.0#optional!builtin<compat/typescript>":
  version: 5.9.3
  resolution: "typescript@patch:typescript@npm%3A5.9.3#optional!builtin<compat/typescript>::version=5.9.3&hash=5786d5"
  bin:
    tsc: bin/tsc
    tsserver: bin/tsserver
  checksum: 10c0/ad09fdf7a756814dce65bc60c1657b40d44451346858eea230e10f2e95a289d9183b6e32e5c11e95acc0ccc214b4f36289dcad4bf1886b0adb84d711d336a430
  languageName: node
  linkType: hard

"undici-types@npm:~7.18.0":
  version: 7.18.2
  resolution: "undici-types@npm:7.18.2"
  checksum: 10c0/85a79189113a238959d7a647368e4f7c5559c3a404ebdb8fc4488145ce9426fcd82252a844a302798dfc0e37e6fb178ff481ed03bc4caf634c5757d9ef43521d
  languageName: node
  linkType: hard
